version = 1
revision = 2
requires-python = ">=3.10"

[[package]]
name = "annotated-doc"
version = "0.0.4"
source = { registry = "https://pypi.org/simple" }
sdist = { url = "https://files.pythonhosted.org/packages/57/ba/046ceea27344560984e26a590f90bc7f4a75b06701f653222458922b558c/annotated_doc-0.0.4.tar.gz", hash = "sha256:fbcda96e87e9c92ad167c2e53839e57503ecfda18804ea28102353485033faa4", size = 7288, upload-time = "2025-11-10T22:07:42.062Z" }
wheels = [
    { url = "https://files.pythonhosted.org/packages/1e/d3/26bf1008eb3d2daa8ef4cacc7f3bfdc11818d111f7e2d0201bc6e3b49d45/annotated_doc-0.0.4-py3-none-any.whl", hash = "sha256:571ac1dc6991c450b25a9c2d84a3705e2ae7a53467b5d111c24fa8baabbed320", size = 5303, upload-time = "2025-11-10T22:07:40.673Z" },
]

[[package]]
name = "click"
version = "8.3.3"
source = { registry = "https://pypi.org/simple" }
dependencies = [
    { name = "colorama", marker = "sys_platform == 'win32'" },
]
sdist = { url = "https://files.pythonhosted.org/packages/bb/63/f9e1ea081ce35720d8b92acde70daaedace594dc93b693c869e0d5910718/click-8.3.3.tar.gz", hash = "sha256:398329ad4837b2ff7cbe1dd166a4c0f8900c3ca3a218de04466f38f6497f18a2", size = 328061, upload-time = "2026-04-22T15:11:27.506Z" }
wheels = [
    { url = "https://files.pythonhosted.org/packages/ae/44/c1221527f6a71a01ec6fbad7fa78f1d50dfa02217385cf0fa3eec7087d59/click-8.3.3-py3-none-any.whl", hash = "sha256:a2bf429bb3033c89fa4936ffb35d5cb471e3719e1f3c8a7c3fff0b8314305613", size = 110502, upload-time = "2026-04-22T15:11:25.044Z" },
]

[[package]]
name = "colorama"
version = "0.4.6"
source = { registry = "https://pypi.org/simple" }
sdist = { url = "https://files.pythonhosted.org/packages/d8/53/6f443c9a4a8358a93a6792e2acffb9d9d5cb0a5cfd8802644b7b1c9a02e4/colorama-0.4.6.tar.gz", hash = "sha256:08695f5cb7ed6e0531a20572697297273c47b8cae5a63ffc6d6ed5c201be6e44", size = 27697, upload-time = "2022-10-25T02:36:22.414Z" }
wheels = [
    { url = "https://files.pythonhosted.org/packages/d1/d6/3965ed04c63042e047cb6a3e6ed1a63a35087b6a609aa3a15ed8ac56c221/colorama-0.4.6-py2.py3-none-any.whl", hash = "sha256:4f1d9991f5acc0ca119f9d443620b77f9d6b33703e51011c16baf57afb285fc6", size = 25335, upload-time = "2022-10-25T02:36:20.889Z" },
]

[[package]]
name = "dnspython"
version = "2.8.0"
source = { registry = "https://pypi.org/simple" }
sdist = { url = "https://files.pythonhosted.org/packages/8c/8b/57666417c0f90f08bcafa776861060426765fdb422eb10212086fb811d26/dnspython-2.8.0.tar.gz", hash = "sha256:181d3c6996452cb1189c4046c61599b84a5a86e099562ffde77d26984ff26d0f", size = 368251, upload-time = "2025-09-07T18:58:00.022Z" }
wheels = [
    { url = "https://files.pythonhosted.org/packages/ba/5a/18ad964b0086c6e62e2e7500f7edc89e3faa45033c71c1893d34eed2b2de/dnspython-2.8.0-py3-none-any.whl", hash = "sha256:01d9bbc4a2d76bf0db7c1f729812ded6d912bd318d3b1cf81d30c0f845dbf3af", size = 331094, upload-time = "2025-09-07T18:57:58.071Z" },
]

[[package]]
name = "markdown-it-py"
version = "4.0.0"
source = { registry = "https://pypi.org/simple" }
dependencies = [
    { name = "mdurl" },
]
sdist = { url = "https://files.pythonhosted.org/packages/5b/f5/4ec618ed16cc4f8fb3b701563655a69816155e79e24a17b651541804721d/markdown_it_py-4.0.0.tar.gz", hash = "sha256:cb0a2b4aa34f932c007117b194e945bd74e0ec24133ceb5bac59009cda1cb9f3", size = 73070, upload-time = "2025-08-11T12:57:52.854Z" }
wheels = [
    { url = "https://files.pythonhosted.org/packages/94/54/e7d793b573f298e1c9013b8c4dade17d481164aa517d1d7148619c2cedbf/markdown_it_py-4.0.0-py3-none-any.whl", hash = "sha256:87327c59b172c5011896038353a81343b6754500a08cd7a4973bb48c6d578147", size = 87321, upload-time = "2025-08-11T12:57:51.923Z" },
]

[[package]]
name = "mdurl"
version = "0.1.2"
source = { registry = "https://pypi.org/simple" }
sdist = { url = "https://files.pythonhosted.org/packages/d6/54/cfe61301667036ec958cb99bd3efefba235e65cdeb9c84d24a8293ba1d90/mdurl-0.1.2.tar.gz", hash = "sha256:bb413d29f5eea38f31dd4754dd7377d4465116fb207585f97bf925588687c1ba", size = 8729, upload-time = "2022-08-14T12:40:10.846Z" }
wheels = [
    { url = "https://files.pythonhosted.org/packages/b3/38/89ba8ad64ae25be8de66a6d463314cf1eb366222074cfda9ee839c56a4b4/mdurl-0.1.2-py3-none-any.whl", hash = "sha256:84008a41e51615a49fc9966191ff91509e3c40b939176e643fd50a5c2196b8f8", size = 9979, upload-time = "2022-08-14T12:40:09.779Z" },
]

[[package]]
name = "nmdc-mongo-migration-cli"
version = "0.1.0"
source = { virtual = "." }
dependencies = [
    { name = "pymongo" },
    { name = "rich" },
    { name = "typer" },
]

[package.dev-dependencies]
dev = [
    { name = "ruff" },
]

[package.metadata]
requires-dist = [
    { name = "pymongo", specifier = ">=4.12.1" },
    { name = "rich", specifier = ">=13.9.4" },
    { name = "typer", specifier = ">=0.15.3" },
]

[package.metadata.requires-dev]
dev = [{ name = "ruff", specifier = ">=0.15.10" }]

[[package]]
name = "pygments"
version = "2.20.0"
source = { registry = "https://pypi.org/simple" }
sdist = { url = "https://files.pythonhosted.org/packages/c3/b2/bc9c9196916376152d655522fdcebac55e66de6603a76a02bca1b6414f6c/pygments-2.20.0.tar.gz", hash = "sha256:6757cd03768053ff99f3039c1a36d6c0aa0b263438fcab17520b30a303a82b5f", size = 4955991, upload-time = "2026-03-29T13:29:33.898Z" }
wheels = [
    { url = "https://files.pythonhosted.org/packages/f4/7e/a72dd26f3b0f4f2bf1dd8923c85f7ceb43172af56d63c7383eb62b332364/pygments-2.20.0-py3-none-any.whl", hash = "sha256:81a9e26dd42fd28a23a2d169d86d7ac03b46e2f8b59ed4698fb4785f946d0176", size = 1231151, upload-time = "2026-03-29T13:29:30.038Z" },
]

[[package]]
name = "pymongo"
version = "4.17.0"
source = { registry = "https://pypi.org/simple" }
dependencies = [
    { name = "dnspython" },
]
sdist = { url = "https://files.pythonhosted.org/packages/ca/64/50be6fbac9c79fe2e4c17401a467da2d8764d82833d83cec325afe5cab32/pymongo-4.17.0.tar.gz", hash = "sha256:70ffa08ba641468cc068cf46c06b34f01a8ce3489f6411309fcb5ceabe6b2fc0", size = 2523370, upload-time = "2026-04-20T16:39:53.524Z" }
wheels = [
    { url = "https://files.pythonhosted.org/packages/c9/77/28ebbf69772a4341d530831c7a006cdb06877ac23075cb53b0a227df4fe1/pymongo-4.17.0-cp310-cp310-macosx_10_9_x86_64.whl", hash = "sha256:47b021363cd923ace5edc7a1d63c0ff8a6d9d43859b8a1ba23645f5afae63221", size = 819234, upload-time = "2026-04-20T16:37:20.888Z" },
    { url = "https://files.pythonhosted.org/packages/88/cf/5a70cee503ff9a2fea20607607f14d189f4d975960ac0945ec306ee7b695/pymongo-4.17.0-cp310-cp310-macosx_11_0_arm64.whl", hash = "sha256:422fa50d7d7f5c22ea0953554396c9ef95684a2d775f860bd75a7b510538dfca", size = 819969, upload-time = "2026-04-20T16:37:24.187Z" },
    { url = "https://files.pythonhosted.org/packages/23/d5/07b7e27e662c58d872efd104a0e8055eb6569aa1b6d4da436f3fdee7f897/pymongo-4.17.0-cp310-cp310-manylinux1_i686.manylinux_2_28_i686.manylinux_2_5_i686.whl", hash = "sha256:addd0498ebbdc6354227f6ed457ed9fce442d48a3bb30d5b5bad33e104996561", size = 1244510, upload-time = "2026-04-20T16:37:26.069Z" },
    { url = "https://files.pythonhosted.org/packages/fb/be/7cac5b1e89bd5a8e395067648241390321593a7c29243e36f91343c02a90/pymongo-4.17.0-cp310-cp310-manylinux2014_aarch64.manylinux_2_17_aarch64.manylinux_2_28_aarch64.whl", hash = "sha256:c5c8e180cb2cabe37300e1e36c60aa4f2ff956cc579f0142135a5d2cba252243", size = 1263245, upload-time = "2026-04-20T16:37:28.003Z" },
    { url = "https://files.pythonhosted.org/packages/2e/20/40e8e99824c1fda18261411e65ce3b0cd3d9a6ed3c056cdd0a569adc870b/pymongo-4.17.0-cp310-cp310-manylinux2014_ppc64le.manylinux_2_17_ppc64le.manylinux_2_28_ppc64le.whl", hash = "sha256:bd835cdb37a1adec359dd072c24f8bb14809e2644fde86fab4ee2fc9719b9483", size = 1304113, upload-time = "2026-04-20T16:37:30.048Z" },
    { url = "https://files.pythonhosted.org/packages/3a/94/fb7e25441dd66f2069a9b172380849b0eaa5881c18b3db217bf64a6d393c/pymongo-4.17.0-cp310-cp310-manylinux2014_s390x.manylinux_2_17_s390x.manylinux_2_28_s390x.whl", hash = "sha256:c4979e7e8887862bbb44d203f00cc8263a3f27237876fa691b6beba23e40e6d8", size = 1297046, upload-time = "2026-04-20T16:37:32.054Z" },
    { url = "https://files.pythonhosted.org/packages/4f/c9/7352e0c20fe772541556e4d283c05e07ec48f8b0d2737ad930ac4a1b6655/pymongo-4.17.0-cp310-cp310-manylinux2014_x86_64.manylinux_2_17_x86_64.manylinux_2_28_x86_64.whl", hash = "sha256:77aa4bc164b4de60d5db193b322f0f5b6ead716e831031bfdef8e8bd92205556", size = 1265708, upload-time = "2026-04-20T16:37:33.934Z" },
    { url = "https://files.pythonhosted.org/packages/8d/e4/3df15494c2015ed297958517f0e4f6493e21b00990748068a973e66d45e0/pymongo-4.17.0-cp310-cp310-win32.whl", hash = "sha256:48bbc576677b50af043df870d84ded67cc3a9b4aa7553201beef4da5dc050a0a", size = 805533, upload-time = "2026-04-20T16:37:35.744Z" },
    { url = "https://files.pythonhosted.org/packages/22/fa/b4e71bb8cb82ad7d21bb4e8c476f2d573ba68b20368aac36ef06e4a196b4/pymongo-4.17.0-cp310-cp310-win_amd64.whl", hash = "sha256:e46767f28dea610e02edf6c5d956ce615c3c7790ea396660b9b1efd5c5ead2e0", size = 815677, upload-time = "2026-04-20T16:37:37.808Z" },
    { url = "https://files.pythonhosted.org/packages/22/e2/0a4bba644f1cda3970ea1012149eeae3594ebfeed3f81fdaf32b61d90c95/pymongo-4.17.0-cp310-cp310-win_arm64.whl", hash = "sha256:757f2a4c0c2c46cab87df0333681ce69e86c9d5b45bc5203ceba5410b3489e59", size = 807293, upload-time = "2026-04-20T16:37:39.707Z" },
    { url = "https://files.pythonhosted.org/packages/c4/e2/336d86f221cf1b56b2ed9330d4a3b98f9f38f0b37829ae9a9184617d5419/pymongo-4.17.0-cp311-cp311-macosx_10_9_x86_64.whl", hash = "sha256:4141e6c6a339789b2974efa00ecd9409101672d77a0e3ee2cc3839eedf8ec4df", size = 874668, upload-time = "2026-04-20T16:37:41.39Z" },
    { url = "https://files.pythonhosted.org/packages/34/8e/75d3c6c935d187ab59c61e9c15d9aab3f274b563eaf1706e8cae5f508dec/pymongo-4.17.0-cp311-cp311-macosx_11_0_arm64.whl", hash = "sha256:e68c76b84e0c132d9dbf9307f12ff8185702328187a87b9aca8c941303873433", size = 875294, upload-time = "2026-04-20T16:37:43.432Z" },
    { url = "https://files.pythonhosted.org/packages/5f/ec/62e855744489dbcd54fd778aae4d80fa4c4819e8fb228ca0cf6f21a03997/pymongo-4.17.0-cp311-cp311-manylinux1_i686.manylinux_2_28_i686.manylinux_2_5_i686.whl", hash = "sha256:ba2195d4f386f839a52a23ea1cfd60ffaaba78a3d7841db51b7e433001139918", size = 1496233, upload-time = "2026-04-20T16:37:45.518Z" },
    { url = "https://files.pythonhosted.org/packages/82/e8/93e4e5e5ce8fdf8929dabeefe24aafa5ce046028eed0dfa8eeb936e72c49/pymongo-4.17.0-cp311-cp311-manylinux2014_aarch64.manylinux_2_17_aarch64.manylinux_2_28_aarch64.whl", hash = "sha256:8446ff4bfcb6ec2a2e50998c860986a1e992136f998b7f53e7a717fb8aa5a0b9", size = 1522927, upload-time = "2026-04-20T16:37:47.492Z" },
    { url = "https://files.pythonhosted.org/packages/f7/ca/425dc1d21e0f17bdea0072fc463f662f7fa06d2852af52975c9eced3c07c/pymongo-4.17.0-cp311-cp311-manylinux2014_ppc64le.manylinux_2_17_ppc64le.manylinux_2_28_ppc64le.whl", hash = "sha256:2a0d5ac205728c86e0a02192f1aa5f865b0d7d51f8df6101c01a69a7fc620d72", size = 1583468, upload-time = "2026-04-20T16:37:49.221Z" },
    { url = "https://files.pythonhosted.org/packages/b3/9d/f08b07eeffda1a43c1759f0fa625e88ae12360996eb56d42aad832fa7dff/pymongo-4.17.0-cp311-cp311-manylinux2014_s390x.manylinux_2_17_s390x.manylinux_2_28_s390x.whl", hash = "sha256:485c8a8eaa4c739f00a331fc73757898ee7c092c214a79e63866ff76aaf282ff", size = 1572787, upload-time = "2026-04-20T16:37:51.061Z" },
    { url = "https://files.pythonhosted.org/packages/e9/c2/6855a07aafa7b894929af23675b6fb9634800ce43122b76a62f6eeb8da2a/pymongo-4.17.0-cp311-cp311-manylinux2014_x86_64.manylinux_2_17_x86_64.manylinux_2_28_x86_64.whl", hash = "sha256:b2dfcc795f5b9fedbe179a11fdf6051581479d196582a3fe819a92a00e9b9969", size = 1526184, upload-time = "2026-04-20T16:37:53.358Z" },
    { url = "https://files.pythonhosted.org/packages/4e/05/c952bac7db71c1942ea3559fcd308b49754cc5004b455935fb4000d1f37b/pymongo-4.17.0-cp311-cp311-win32.whl", hash = "sha256:c2292144505fb12156b981bd440f3dc994a883da06ac726c0c8692ccdbc1c510", size = 852621, upload-time = "2026-04-20T16:37:55.28Z" },
    { url = "https://files.pythonhosted.org/packages/11/c0/c04da9f4c0c6252404598f4e394b862a58a9e866822a70ae261c8a018fdf/pymongo-4.17.0-cp311-cp311-win_amd64.whl", hash = "sha256:2e190827834fce70ecdf9d46796c6dbc0ce08ea87dc2ff5bc6f3f5579b605cb9", size = 867852, upload-time = "2026-04-20T16:37:57.233Z" },
    { url = "https://files.pythonhosted.org/packages/1d/b2/c7b4870fbeef471e947d3e014676f5910d02e0197074d692ebcf24ec049a/pymongo-4.17.0-cp311-cp311-win_arm64.whl", hash = "sha256:a8f9c40a09bb7d4b9fc8b1da65ecf6efa79bda5cb2756f39d9b6940fac1d19ae", size = 855019, upload-time = "2026-04-20T16:37:58.983Z" },
    { url = "https://files.pythonhosted.org/packages/98/90/60bcb508840135d5ee46b51b1a950f548338aa8145a8366dbe6639ae51ac/pymongo-4.17.0-cp312-cp312-macosx_10_13_x86_64.whl", hash = "sha256:d53ffa94b2340dbf6b055e09a0090618c60482c158ecfc9565642fc996bf0944", size = 930529, upload-time = "2026-04-20T16:38:00.936Z" },
    { url = "https://files.pythonhosted.org/packages/a6/e9/313840f1e52c6dfac47f704428cbfbce59956ebe7633bffc92b03f74f0ad/pymongo-4.17.0-cp312-cp312-macosx_11_0_arm64.whl", hash = "sha256:6fe0de9d0f6791abce3471230b32b4817bf89d27b1182b6a550e1ec0fa72aa9a", size = 930665, upload-time = "2026-04-20T16:38:02.915Z" },
    { url = "https://files.pythonhosted.org/packages/78/35/9d3565ea45b1606f635c1e2cd2563c28d66caafdc50f7ad7d979fcd1b363/pymongo-4.17.0-cp312-cp312-manylinux1_i686.manylinux_2_28_i686.manylinux_2_5_i686.whl", hash = "sha256:e537e95514dae1aaa718f481ec03151a0f0394bcd05f1322896d8fc1330cb729", size = 1762369, upload-time = "2026-04-20T16:38:05.375Z" },
    { url = "https://files.pythonhosted.org/packages/95/ee/149b0d4b1a11c38bff6f14c23d5814c9b0843fd6dc38ad40596bdb1a62d2/pymongo-4.17.0-cp312-cp312-manylinux2014_aarch64.manylinux_2_17_aarch64.manylinux_2_28_aarch64.whl", hash = "sha256:37a8385c29881b43eab31f584100fa0eaddedd5607adf010147ba1810118be90", size = 1798044, upload-time = "2026-04-20T16:38:07.195Z" },
    { url = "https://files.pythonhosted.org/packages/7b/d4/4cee4a7b8d8f6f0550ef6cd2fea42455c5ed619a220cb6ba4fb40d6a5bc8/pymongo-4.17.0-cp312-cp312-manylinux2014_ppc64le.manylinux_2_17_ppc64le.manylinux_2_28_ppc64le.whl", hash = "sha256:f3ee3d241ed77a4fc99ce3cff3b289c3ebce37f61fdd7349d3592c23b82c8784", size = 1878567, upload-time = "2026-04-20T16:38:09.121Z" },
    { url = "https://files.pythonhosted.org/packages/45/ef/7fe366c84952619ee2f69973566c214775e083dd4df465751912153e4b72/pymongo-4.17.0-cp312-cp312-manylinux2014_s390x.manylinux_2_17_s390x.manylinux_2_28_s390x.whl", hash = "sha256:9eb5d63a3c518cb0804ed678f5e2b875af032d89a7cf57a57360322cf6a4d222", size = 1864881, upload-time = "2026-04-20T16:38:10.896Z" },
    { url = "https://files.pythonhosted.org/packages/2f/35/b577d82c6d1be7aee7ac7e249bc86f7847998345042e5f8360de238e177b/pymongo-4.17.0-cp312-cp312-manylinux2014_x86_64.manylinux_2_17_x86_64.manylinux_2_28_x86_64.whl", hash = "sha256:8e97e03fa13327c87e3fdc5656acd01e71817f0c1dc3221cd8f30de136bf4ec3", size = 1800349, upload-time = "2026-04-20T16:38:13.589Z" },
    { url = "https://files.pythonhosted.org/packages/b8/69/dafcf04f66e130ddd91aeb92e7a692480eda46dcd04ec1dbe82c06619e10/pymongo-4.17.0-cp312-cp312-win32.whl", hash = "sha256:6877214bff5f06f6884a9fc8d9016a4a7a5f51f537f5c51ac3a576f93e7dfb32", size = 900518, upload-time = "2026-04-20T16:38:15.541Z" },
    { url = "https://files.pythonhosted.org/packages/11/35/5c9262a459f988b4eb2605f70815240b77a0d4131136c4326d18f1822b89/pymongo-4.17.0-cp312-cp312-win_amd64.whl", hash = "sha256:9828485f72f63c7d802e0ec41f71906f633c2692621ab3af55ca990186b091b1", size = 920335, upload-time = "2026-04-20T16:38:17.665Z" },
    { url = "https://files.pythonhosted.org/packages/8d/da/e9c7265ee176faccf4e52c4797837e794d93569a1046f6b19a4acc36e5ad/pymongo-4.17.0-cp312-cp312-win_arm64.whl", hash = "sha256:1195370a77baf003b59b10e91ecc4706297197f0dd9d29c840cc556dc08f7cee", size = 903289, upload-time = "2026-04-20T16:38:19.33Z" },
    { url = "https://files.pythonhosted.org/packages/2a/6b/c1206879708b94e82fcd8b9653440ec271f79a3674d122192df383047f5a/pymongo-4.17.0-cp313-cp313-macosx_10_13_x86_64.whl", hash = "sha256:809ec74de3b9148ae43fa8df9faf53470f511c8d384f13b99d6f671f2a379f15", size = 985829, upload-time = "2026-04-20T16:38:21.031Z" },
    { url = "https://files.pythonhosted.org/packages/cb/cf/bb044ed85160e5c40f568c7c4f4e8ea16f40764ff5d302e5befbe8f6f814/pymongo-4.17.0-cp313-cp313-macosx_11_0_arm64.whl", hash = "sha256:a431b737816bf4cddd4fa0fcef04e424ad36b7692734a64150f872fb8f3208be", size = 985899, upload-time = "2026-04-20T16:38:23.409Z" },
    { url = "https://files.pythonhosted.org/packages/74/0a/f6dfd5ea3901e5d6888da8de8ba728971a1d447debab681cfc56f90d1208/pymongo-4.17.0-cp313-cp313-manylinux1_i686.manylinux_2_28_i686.manylinux_2_5_i686.whl", hash = "sha256:e4fab10f8403169ce92f3cea921609d9ee81107306caae06c08f592d4b8ad2b5", size = 2028569, upload-time = "2026-04-20T16:38:25.343Z" },
    { url = "https://files.pythonhosted.org/packages/4a/c5/081f59a1c02ae8c0dc73ae58e563838c44eec81aeafa7d0b93a637841c9b/pymongo-4.17.0-cp313-cp313-manylinux2014_aarch64.manylinux_2_17_aarch64.manylinux_2_28_aarch64.whl", hash = "sha256:20323b0b1c1d33770ad1fc68d429c757734ce9ad3594421c3d6618f10572b1b9", size = 2072916, upload-time = "2026-04-20T16:38:27.291Z" },
    { url = "https://files.pythonhosted.org/packages/31/42/6e41d434297ffe8b30d9c3717916591a4a7be9075a0dcc2fafdfaaaa62ed/pymongo-4.17.0-cp313-cp313-manylinux2014_ppc64le.manylinux_2_17_ppc64le.manylinux_2_28_ppc64le.whl", hash = "sha256:5a5de048e6da5c18e27cc2437e8c15b3b0cdc8385c15b41178b0caa3322a09c2", size = 2173234, upload-time = "2026-04-20T16:38:29.474Z" },
    { url = "https://files.pythonhosted.org/packages/3d/cf/1e4a7db352ef9485831c7268dfe8402f0117b32a9ad54b16e810699e3617/pymongo-4.17.0-cp313-cp313-manylinux2014_s390x.manylinux_2_17_s390x.manylinux_2_28_s390x.whl", hash = "sha256:dff3de1294fbbc1db0ba6b511f77b8e540601d092538a31312e99c8a91a78b1e", size = 2156784, upload-time = "2026-04-20T16:38:32.134Z" },
    { url = "https://files.pythonhosted.org/packages/12/10/6195be29962a61ebb5f4bd9e4c7519890b172f7968a0a0d880398c6ddb02/pymongo-4.17.0-cp313-cp313-manylinux2014_x86_64.manylinux_2_17_x86_64.manylinux_2_28_x86_64.whl", hash = "sha256:faf03e4c2aafd6de626dbd30ba246d369ae33f47f10629d1bbe40f72115027a6", size = 2074446, upload-time = "2026-04-20T16:38:34.004Z" },
    { url = "https://files.pythonhosted.org/packages/37/48/33410b8819837ed370c738587306bdf060b59cef11823be212f4a07703c5/pymongo-4.17.0-cp313-cp313-win32.whl", hash = "sha256:c9786665926a09630c5d420c79762cfadbff35a9438bcbc4c81a9fb5ab9228b7", size = 948435, upload-time = "2026-04-20T16:38:35.922Z" },
    { url = "https://files.pythonhosted.org/packages/6f/77/c0ed522f798a286b99acaa7914ed8d9c80ab091f97f57c59ffed72906e5e/pymongo-4.17.0-cp313-cp313-win_amd64.whl", hash = "sha256:5960519b4d7168f1ecdd3ea10c81b2aedeb9423651aca953cfbc8e76705d3b38", size = 972847, upload-time = "2026-04-20T16:38:37.888Z" },
    { url = "https://files.pythonhosted.org/packages/97/f0/c39480a2db385fde23861d0c8acda41cdaf1d43e46579db72c5c013a2e81/pymongo-4.17.0-cp313-cp313-win_arm64.whl", hash = "sha256:0ff6bd2f735ab5356541e3e57d5b7dbfbc3f2ee1ccb10b6b0f82d58af69d1d8e", size = 951575, upload-time = "2026-04-20T16:38:40.544Z" },
    { url = "https://files.pythonhosted.org/packages/da/49/2b0250762a89737ed6f9cea238331baca061b89a8ddd10dd17fee52c3970/pymongo-4.17.0-cp314-cp314-macosx_10_15_x86_64.whl", hash = "sha256:ff5aa3f1c7e3f08eb0e7a016c91ba468b1850ccfd63d9b1f12f56350f4974cef", size = 1040945, upload-time = "2026-04-20T16:38:42.783Z" },
    { url = "https://files.pythonhosted.org/packages/89/1c/7a9b5447a08be20e84b6e5b17330917e8d6d9507daa3cd099a9309f11ad7/pymongo-4.17.0-cp314-cp314-macosx_11_0_arm64.whl", hash = "sha256:e816db649ba5d7de0568cf3a9f287a9dc9aad21cf0ca667ab156a7ef47fca0b0", size = 1041187, upload-time = "2026-04-20T16:38:45.358Z" },
    { url = "https://files.pythonhosted.org/packages/78/a1/71704f61632dfc90407a5834fe5f6132854937c4a3648f6c05c351d85a45/pymongo-4.17.0-cp314-cp314-manylinux1_i686.manylinux_2_28_i686.manylinux_2_5_i686.whl", hash = "sha256:12c4fded3a9f1d6a687e36ebd384ac6d00b9b00de1969aa74048e7051ec2a713", size = 2294806, upload-time = "2026-04-20T16:38:47.734Z" },
    { url = "https://files.pythonhosted.org/packages/ad/b9/aff42be75108b96c2469b1d9329b912c15108f3e7ef32fdc86da8423c330/pymongo-4.17.0-cp314-cp314-manylinux2014_aarch64.manylinux_2_17_aarch64.manylinux_2_28_aarch64.whl", hash = "sha256:2db66aa8dd253a0fc1fad3b0d23d5b3993f7ebde02fbbd7727128debf2853675", size = 2348231, upload-time = "2026-04-20T16:38:50.371Z" },
    { url = "https://files.pythonhosted.org/packages/f2/30/44c115b8ba1479942c15fd9480eb29a7da0ba68acd56983423ba0deb4a94/pymongo-4.17.0-cp314-cp314-manylinux2014_ppc64le.manylinux_2_17_ppc64le.manylinux_2_28_ppc64le.whl", hash = "sha256:3987e96e7c7be4083d42e8ac2cc6c0d5b78db9973c90fce42ae800b616ca6b20", size = 2467614, upload-time = "2026-04-20T16:38:52.665Z" },
    { url = "https://files.pythonhosted.org/packages/d2/84/21ee95c8bf0ca7acae7ec7eb365d740bf8fc0156c194baf2c3bdfcb85ec0/pymongo-4.17.0-cp314-cp314-manylinux2014_s390x.manylinux_2_17_s390x.manylinux_2_28_s390x.whl", hash = "sha256:cee36b3c0d0354f880fa7a7fdcdaf2bb5e542c2281e25c1bfadf8cfe21eba7d2", size = 2445970, upload-time = "2026-04-20T16:38:55.175Z" },
    { url = "https://files.pythonhosted.org/packages/06/89/081d7f1809d5ca09d1e47e49f2111b245f5694de3a7af32cd3a353a6f43f/pymongo-4.17.0-cp314-cp314-manylinux2014_x86_64.manylinux_2_17_x86_64.manylinux_2_28_x86_64.whl", hash = "sha256:320b34457b20bbcc79997801f95d25ce00472915ca5241167242b42c4359e027", size = 2348605, upload-time = "2026-04-20T16:38:57.557Z" },
    { url = "https://files.pythonhosted.org/packages/ea/c3/0d949f9d3f2a341c1f635c398c16615e96f89f51ff424ed81e914cf1a4de/pymongo-4.17.0-cp314-cp314-win32.whl", hash = "sha256:df4a644af9ae132d4bfdb2e9516ea51a615fd881caddfbfbd071cf1354844479", size = 1004119, upload-time = "2026-04-20T16:39:00.309Z" },
    { url = "https://files.pythonhosted.org/packages/f7/55/5c3a3db1048054c695c75c5964cc8bedc2247fdb5a75ef6fab4ec8bb013e/pymongo-4.17.0-cp314-cp314-win_amd64.whl", hash = "sha256:c797f8a80957134f6dd9690367a0f8f5906d672119af2c6aa55f0c527b656bed", size = 1032314, upload-time = "2026-04-20T16:39:02.665Z" },
    { url = "https://files.pythonhosted.org/packages/e0/19/e235f39906134cb0ffd5574c5a59c355ef5380f0499644ab94994afbb109/pymongo-4.17.0-cp314-cp314-win_arm64.whl", hash = "sha256:68fca71e05ee5da23a8d73cee8379dfb3d26e609a377cae731d742771ed96946", size = 1007627, upload-time = "2026-04-20T16:39:04.678Z" },
    { url = "https://files.pythonhosted.org/packages/1e/e0/c4c1a86791415b14c684fa0908f9da96de91594a3fd1fa1b8dc689fbb800/pymongo-4.17.0-cp314-cp314t-macosx_10_15_x86_64.whl", hash = "sha256:b4384700cffc3f1dd98e088bc0072dedf6d7d68a230bb4b972665cf69c071c1e", size = 1099151, upload-time = "2026-04-20T16:39:06.969Z" },
    { url = "https://files.pythonhosted.org/packages/81/4b/69c67f3e23fd9b23b9bedc7ebd23754881cc9d5c5d5b2a9811e96b07f475/pymongo-4.17.0-cp314-cp314t-macosx_11_0_arm64.whl", hash = "sha256:93641192644fa1ee0f34030e774fd31022a27ad11ba22cb1716142231524f8bd", size = 1099346, upload-time = "2026-04-20T16:39:08.996Z" },
    { url = "https://files.pythonhosted.org/packages/a2/19/a5208f62f9508a26d73acc69bd3821b8c8adae253679a3c26d2f9652f0d5/pymongo-4.17.0-cp314-cp314t-manylinux1_i686.manylinux_2_28_i686.manylinux_2_5_i686.whl", hash = "sha256:75bc3aa5b94fdb7138d357ec6ca61cd97e0c79f4f7f0bd3efe9639b15cc50942", size = 2619034, upload-time = "2026-04-20T16:39:11.049Z" },
    { url = "https://files.pythonhosted.org/packages/77/27/426cba1ec5973082a56d4150798529bfdf4151c31391ed1fbbecb23ef2ac/pymongo-4.17.0-cp314-cp314t-manylinux2014_aarch64.manylinux_2_17_aarch64.manylinux_2_28_aarch64.whl", hash = "sha256:50e8f8e23c6df7c6d6929f5e734980b227706e73ee847517c9ba5af90f7fc466", size = 2689939, upload-time = "2026-04-20T16:39:13.617Z" },
    { url = "https://files.pythonhosted.org/packages/ef/2e/f70993d1255e33f6ee59a4ec4371cc65bff7a7e3fda7d55c3386f25287e8/pymongo-4.17.0-cp314-cp314t-manylinux2014_ppc64le.manylinux_2_17_ppc64le.manylinux_2_28_ppc64le.whl", hash = "sha256:15d3f3d732aecac1f8d481bde4029755615639bd3076f258a2147210aec8515a", size = 2824994, upload-time = "2026-04-20T16:39:16.057Z" },
    { url = "https://files.pythonhosted.org/packages/b3/eb/87b0e988ba889e1fcc3430c2cfc166b251872c813e92b43174298bee17ff/pymongo-4.17.0-cp314-cp314t-manylinux2014_s390x.manylinux_2_17_s390x.manylinux_2_28_s390x.whl", hash = "sha256:6c5f62862d0f87be481fa1fe8cb811994486773c94a2b61e509285e3f2890763", size = 2801745, upload-time = "2026-04-20T16:39:18.476Z" },
    { url = "https://files.pythonhosted.org/packages/67/4c/3f83412d086f682d4d468761d66ddc49cf161e786ea74073045eb4491c60/pymongo-4.17.0-cp314-cp314t-manylinux2014_x86_64.manylinux_2_17_x86_64.manylinux_2_28_x86_64.whl", hash = "sha256:64837adbbd72073301af51bb0fc80e3d7707fe5527cea1033ba0320f0b2f881b", size = 2684636, upload-time = "2026-04-20T16:39:20.878Z" },
    { url = "https://files.pythonhosted.org/packages/9e/d8/b75f6f4ab6c8beb50b0270a4f1e2530b5774f5e116563440e1677ca1820f/pymongo-4.17.0-cp314-cp314t-win32.whl", hash = "sha256:b93b22eedc62598cf5ee9d8c8007a8e9121c50fd88137012d8985500e9dc3151", size = 1056356, upload-time = "2026-04-20T16:39:22.996Z" },
    { url = "https://files.pythonhosted.org/packages/e4/5e/648c8a238eef18a25ed8a169ea6542d4a860bbec3e95b3d9badac2935c71/pymongo-4.17.0-cp314-cp314t-win_amd64.whl", hash = "sha256:3689ea34f6b647c7d1e7bdc60fcfb214b2789ed1359a7fb96569c69f50e5f18f", size = 1090964, upload-time = "2026-04-20T16:39:24.989Z" },
    { url = "https://files.pythonhosted.org/packages/dc/cb/d9780b66939c4fc1f024bcc7be23a2abcfe06a9745ca8fa76dc73395482e/pymongo-4.17.0-cp314-cp314t-win_arm64.whl", hash = "sha256:9543d8f84c2e5608565c08ac679774811e6730770d8a645439b073422a4276fb", size = 1058526, upload-time = "2026-04-20T16:39:27.924Z" },
]

[[package]]
name = "rich"
version = "15.0.0"
source = { registry = "https://pypi.org/simple" }
dependencies = [
    { name = "markdown-it-py" },
    { name = "pygments" },
]
sdist = { url = "https://files.pythonhosted.org/packages/c0/8f/0722ca900cc807c13a6a0c696dacf35430f72e0ec571c4275d2371fca3e9/rich-15.0.0.tar.gz", hash = "sha256:edd07a4824c6b40189fb7ac9bc4c52536e9780fbbfbddf6f1e2502c31b068c36", size = 230680, upload-time = "2026-04-12T08:24:00.75Z" }
wheels = [
    { url = "https://files.pythonhosted.org/packages/82/3b/64d4899d73f91ba49a8c18a8ff3f0ea8f1c1d75481760df8c68ef5235bf5/rich-15.0.0-py3-none-any.whl", hash = "sha256:33bd4ef74232fb73fe9279a257718407f169c09b78a87ad3d296f548e27de0bb", size = 310654, upload-time = "2026-04-12T08:24:02.83Z" },
]

[[package]]
name = "ruff"
version = "0.15.12"
source = { registry = "https://pypi.org/simple" }
sdist = { url = "https://files.pythonhosted.org/packages/99/43/3291f1cc9106f4c63bdce7a8d0df5047fe8422a75b091c16b5e9355e0b11/ruff-0.15.12.tar.gz", hash = "sha256:ecea26adb26b4232c0c2ca19ccbc0083a68344180bba2a600605538ce51a40a6", size = 4643852, upload-time = "2026-04-24T18:17:14.305Z" }
wheels = [
    { url = "https://files.pythonhosted.org/packages/c3/6e/e78ffb61d4686f3d96ba3df2c801161843746dcbcbb17a1e927d4829312b/ruff-0.15.12-py3-none-linux_armv6l.whl", hash = "sha256:f86f176e188e94d6bdbc09f09bfd9dc729059ad93d0e7390b5a73efe19f8861c", size = 10640713, upload-time = "2026-04-24T18:17:22.841Z" },
    { url = "https://files.pythonhosted.org/packages/ae/08/a317bc231fb9e7b93e4ef3089501e51922ff88d6936ce5cf870c4fe55419/ruff-0.15.12-py3-none-macosx_10_12_x86_64.whl", hash = "sha256:e3bcd123364c3770b8e1b7baaf343cc99a35f197c5c6e8af79015c666c423a6c", size = 11069267, upload-time = "2026-04-24T18:17:30.105Z" },
    { url = "https://files.pythonhosted.org/packages/aa/a4/f828e9718d3dce1f5f11c39c4f65afd32783c8b2aebb2e3d259e492c47bd/ruff-0.15.12-py3-none-macosx_11_0_arm64.whl", hash = "sha256:fe87510d000220aa1ed530d4448a7c696a0cae1213e5ec30e5874287b66557b5", size = 10397182, upload-time = "2026-04-24T18:17:07.177Z" },
    { url = "https://files.pythonhosted.org/packages/71/e0/3310fc6d1b5e1fdea22bf3b1b807c7e187b581021b0d7d4514cccdb5fb71/ruff-0.15.12-py3-none-manylinux_2_17_aarch64.manylinux2014_aarch64.whl", hash = "sha256:84a1630093121375a3e2a95b4a6dc7b59e2b4ee76216e32d81aae550a832d002", size = 10758012, upload-time = "2026-04-24T18:16:55.759Z" },
    { url = "https://files.pythonhosted.org/packages/11/c1/a606911aee04c324ddaa883ae418f3569792fd3c4a10c50e0dd0a2311e1e/ruff-0.15.12-py3-none-manylinux_2_17_armv7l.manylinux2014_armv7l.whl", hash = "sha256:fb129f40f114f089ebe0ca56c0d251cf2061b17651d464bb6478dc01e69f11f5", size = 10447479, upload-time = "2026-04-24T18:16:51.677Z" },
    { url = "https://files.pythonhosted.org/packages/9d/68/4201e8444f0894f21ab4aeeaee68aa4f10b51613514a20d80bd628d57e88/ruff-0.15.12-py3-none-manylinux_2_17_i686.manylinux2014_i686.whl", hash = "sha256:b0c862b172d695db7598426b8af465e7e9ac00a3ea2a3630ee67eb82e366aaa6", size = 11234040, upload-time = "2026-04-24T18:17:16.529Z" },
    { url = "https://files.pythonhosted.org/packages/34/ff/8a6d6cf4ccc23fd67060874e832c18919d1557a0611ebef03fdb01fff11e/ruff-0.15.12-py3-none-manylinux_2_17_ppc64le.manylinux2014_ppc64le.whl", hash = "sha256:2849ea9f3484c3aca43a82f484210370319e7170df4dfe4843395ddf6c57bc33", size = 12087377, upload-time = "2026-04-24T18:17:04.944Z" },
    { url = "https://files.pythonhosted.org/packages/85/f6/c669cf73f5152f623d34e69866a46d5e6185816b19fcd5b6dd8a2d299922/ruff-0.15.12-py3-none-manylinux_2_17_s390x.manylinux2014_s390x.whl", hash = "sha256:9e77c7e51c07fe396826d5969a5b846d9cd4c402535835fb6e21ce8b28fef847", size = 11367784, upload-time = "2026-04-24T18:17:25.409Z" },
    { url = "https://files.pythonhosted.org/packages/e8/39/c61d193b8a1daaa8977f7dea9e8d8ba866e02ea7b65d32f6861693aa4c12/ruff-0.15.12-py3-none-manylinux_2_17_x86_64.manylinux2014_x86_64.whl", hash = "sha256:83b2f4f2f3b1026b5fb449b467d9264bf22067b600f7b6f41fc5958909f449d0", size = 11344088, upload-time = "2026-04-24T18:17:12.258Z" },
    { url = "https://files.pythonhosted.org/packages/c2/8d/49afab3645e31e12c590acb6d3b5b69d7aab5b81926dbaf7461f9441f37a/ruff-0.15.12-py3-none-manylinux_2_31_riscv64.whl", hash = "sha256:9ba3b8f1afd7e2e43d8943e55f249e13f9682fde09711644a6e7290eb4f3e339", size = 11271770, upload-time = "2026-04-24T18:17:02.457Z" },
    { url = "https://files.pythonhosted.org/packages/46/06/33f41fe94403e2b755481cdfb9b7ef3e4e0ed031c4581124658d935d52b4/ruff-0.15.12-py3-none-musllinux_1_2_aarch64.whl", hash = "sha256:e852ba9fdc890655e1d78f2df1499efbe0e54126bd405362154a75e2bde159c5", size = 10719355, upload-time = "2026-04-24T18:17:27.648Z" },
    { url = "https://files.pythonhosted.org/packages/0d/59/18aa4e014debbf559670e4048e39260a85c7fcee84acfd761ac01e7b8d35/ruff-0.15.12-py3-none-musllinux_1_2_armv7l.whl", hash = "sha256:dd8aed930da53780d22fc70bdf84452c843cf64f8cb4eb38984319c24c5cd5fd", size = 10462758, upload-time = "2026-04-24T18:17:32.347Z" },
    { url = "https://files.pythonhosted.org/packages/25/e7/cc9f16fd0f3b5fddcbd7ec3d6ae30c8f3fde1047f32a4093a98d633c6570/ruff-0.15.12-py3-none-musllinux_1_2_i686.whl", hash = "sha256:01da3988d225628b709493d7dc67c3b9b12c0210016b08690ef9bd27970b262b", size = 10953498, upload-time = "2026-04-24T18:17:20.674Z" },
    { url = "https://files.pythonhosted.org/packages/72/7a/a9ba7f98c7a575978698f4230c5e8cc54bbc761af34f560818f933dafa0c/ruff-0.15.12-py3-none-musllinux_1_2_x86_64.whl", hash = "sha256:9cae0f92bd5700d1213188b31cd3bdd2b315361296d10b96b8e2337d3d11f53e", size = 11447765, upload-time = "2026-04-24T18:17:09.755Z" },
    { url = "https://files.pythonhosted.org/packages/ea/f9/0ae446942c846b8266059ad8a30702a35afae55f5cdc54c5adf8d7afdc27/ruff-0.15.12-py3-none-win32.whl", hash = "sha256:d0185894e038d7043ba8fd6aee7499ece6462dc0ea9f1e260c7451807c714c20", size = 10657277, upload-time = "2026-04-24T18:17:18.591Z" },
    { url = "https://files.pythonhosted.org/packages/33/f1/9614e03e1cdcbf9437570b5400ced8a720b5db22b28d8e0f1bda429f660d/ruff-0.15.12-py3-none-win_amd64.whl", hash = "sha256:c87a162d61ab3adca47c03f7f717c68672edec7d1b5499e652331780fe74950d", size = 11837758, upload-time = "2026-04-24T18:17:00.113Z" },
    { url = "https://files.pythonhosted.org/packages/c0/98/6beb4b351e472e5f4c4613f7c35a5290b8be2497e183825310c4c3a3984b/ruff-0.15.12-py3-none-win_arm64.whl", hash = "sha256:a538f7a82d061cee7be55542aca1d86d1393d55d81d4fcc314370f4340930d4f", size = 11120821, upload-time = "2026-04-24T18:16:57.979Z" },
]

[[package]]
name = "shellingham"
version = "1.5.4"
source = { registry = "https://pypi.org/simple" }
sdist = { url = "https://files.pythonhosted.org/packages/58/15/8b3609fd3830ef7b27b655beb4b4e9c62313a4e8da8c676e142cc210d58e/shellingham-1.5.4.tar.gz", hash = "sha256:8dbca0739d487e5bd35ab3ca4b36e11c4078f3a234bfce294b0a0291363404de", size = 10310, upload-time = "2023-10-24T04:13:40.426Z" }
wheels = [
    { url = "https://files.pythonhosted.org/packages/e0/f9/0595336914c5619e5f28a1fb793285925a8cd4b432c9da0a987836c7f822/shellingham-1.5.4-py2.py3-none-any.whl", hash = "sha256:7ecfff8f2fd72616f7481040475a65b2bf8af90a56c89140852d1120324e8686", size = 9755, upload-time = "2023-10-24T04:13:38.866Z" },
]

[[package]]
name = "typer"
version = "0.25.0"
source = { registry = "https://pypi.org/simple" }
dependencies = [
    { name = "annotated-doc" },
    { name = "click" },
    { name = "rich" },
    { name = "shellingham" },
]
sdist = { url = "https://files.pythonhosted.org/packages/7b/27/ede8cec7596e0041ba7e7b80b47d132562f56ff454313a16f6084e555c9f/typer-0.25.0.tar.gz", hash = "sha256:123eaf9f19bb40fd268310e12a542c0c6b4fab9c98d9d23342a01ff95e3ce930", size = 120150, upload-time = "2026-04-26T08:46:14.767Z" }
wheels = [
    { url = "https://files.pythonhosted.org/packages/9a/72/193d4e586ec5a4db834a36bbeb47641a62f951f114ffd0fe5b1b46e8d56f/typer-0.25.0-py3-none-any.whl", hash = "sha256:ac01b48823d3db9a83c9e164338057eadbb1c9957a2a6b4eeb486669c560b5dc", size = 55993, upload-time = "2026-04-26T08:46:15.889Z" },
]
